// !$*UTF8*$!
{
	archiveVersion = 1;
	classes = {
	};
	objectVersion = 77;
	objects = {

/* Begin PBXBuildFile section */
		103ABD3F2DB010B30073D19B /* FlowStacks in Frameworks */ = {isa = PBXBuildFile; productRef = 103ABD3E2DB010B30073D19B /* FlowStacks */; };
		103ABD422DB0111A0073D19B /* FirebaseAnalytics in Frameworks */ = {isa = PBXBuildFile; productRef = 103ABD412DB0111A0073D19B /* FirebaseAnalytics */; };
		103ABD442DB0111A0073D19B /* FirebaseAuth in Frameworks */ = {isa = PBXBuildFile; productRef = 103ABD432DB0111A0073D19B /* FirebaseAuth */; };
		103ABD462DB0111A0073D19B /* FirebaseCore in Frameworks */ = {isa = PBXBuildFile; productRef = 103ABD452DB0111A0073D19B /* FirebaseCore */; };
		103ABD482DB0111A0073D19B /* FirebaseCrashlytics in Frameworks */ = {isa = PBXBuildFile; productRef = 103ABD472DB0111A0073D19B /* FirebaseCrashlytics */; };
		103ABD4A2DB0111A0073D19B /* FirebaseFirestore in Frameworks */ = {isa = PBXBuildFile; productRef = 103ABD492DB0111A0073D19B /* FirebaseFirestore */; };
		103ABD4C2DB0111A0073D19B /* FirebaseRemoteConfig in Frameworks */ = {isa = PBXBuildFile; productRef = 103ABD4B2DB0111A0073D19B /* FirebaseRemoteConfig */; };
		103ABD4E2DB0111A0073D19B /* FirebaseStorage in Frameworks */ = {isa = PBXBuildFile; productRef = 103ABD4D2DB0111A0073D19B /* FirebaseStorage */; };
		103ABD572DB128B80073D19B /* FirebaseDatabase in Frameworks */ = {isa = PBXBuildFile; productRef = 103ABD562DB128B80073D19B /* FirebaseDatabase */; };
		103ABD5C2DB1367D0073D19B /* DashboardTypes in Frameworks */ = {isa = PBXBuildFile; productRef = 103ABD5B2DB1367D0073D19B /* DashboardTypes */; };
		1094D02B2DAEF3BD000233BF /* DesignSystem in Frameworks */ = {isa = PBXBuildFile; productRef = 1094D02A2DAEF3BD000233BF /* DesignSystem */; };
		10E014502DAD9785002B6CEC /* Dashboard in Frameworks */ = {isa = PBXBuildFile; productRef = 10E0144F2DAD9785002B6CEC /* Dashboard */; };
/* End PBXBuildFile section */

/* Begin PBXFileReference section */
		1094CF9A2DAEB37A000233BF /* Formatter */ = {isa = PBXFileReference; lastKnownFileType = wrapper; path = Formatter; sourceTree = "<group>"; };
		1094CF9B2DAEB37A000233BF /* Logger */ = {isa = PBXFileReference; lastKnownFileType = wrapper; path = Logger; sourceTree = "<group>"; };
		1094CF9C2DAEB37A000233BF /* Validator */ = {isa = PBXFileReference; lastKnownFileType = wrapper; path = Validator; sourceTree = "<group>"; };
		109CC89F2DAC24420009F041 /* VibeUp.app */ = {isa = PBXFileReference; explicitFileType = wrapper.application; includeInIndex = 0; path = VibeUp.app; sourceTree = BUILT_PRODUCTS_DIR; };
		10E0144D2DAD9754002B6CEC /* Dashboard */ = {isa = PBXFileReference; lastKnownFileType = wrapper; path = Dashboard; sourceTree = "<group>"; };
		10E014512DAD99C0002B6CEC /* DesignSystem */ = {isa = PBXFileReference; lastKnownFileType = wrapper; path = DesignSystem; sourceTree = "<group>"; };
/* End PBXFileReference section */

/* Begin PBXFileSystemSynchronizedRootGroup section */
		109CC8A12DAC24420009F041 /* VibeUp */ = {
			isa = PBXFileSystemSynchronizedRootGroup;
			path = VibeUp;
			sourceTree = "<group>";
		};
/* End PBXFileSystemSynchronizedRootGroup section */

/* Begin PBXFrameworksBuildPhase section */
		109CC89C2DAC24420009F041 /* Frameworks */ = {
			isa = PBXFrameworksBuildPhase;
			buildActionMask = 2147483647;
			files = (
				103ABD4C2DB0111A0073D19B /* FirebaseRemoteConfig in Frameworks */,
				1094D02B2DAEF3BD000233BF /* DesignSystem in Frameworks */,
				103ABD442DB0111A0073D19B /* FirebaseAuth in Frameworks */,
				103ABD4E2DB0111A0073D19B /* FirebaseStorage in Frameworks */,
				10E014502DAD9785002B6CEC /* Dashboard in Frameworks */,
				103ABD482DB0111A0073D19B /* FirebaseCrashlytics in Frameworks */,
				103ABD422DB0111A0073D19B /* FirebaseAnalytics in Frameworks */,
				103ABD5C2DB1367D0073D19B /* DashboardTypes in Frameworks */,
				103ABD4A2DB0111A0073D19B /* FirebaseFirestore in Frameworks */,
				103ABD572DB128B80073D19B /* FirebaseDatabase in Frameworks */,
				103ABD462DB0111A0073D19B /* FirebaseCore in Frameworks */,
				103ABD3F2DB010B30073D19B /* FlowStacks in Frameworks */,
			);
			runOnlyForDeploymentPostprocessing = 0;
		};
/* End PBXFrameworksBuildPhase section */

/* Begin PBXGroup section */
		102ED7E02DAC2BED00724940 /* Packages */ = {
			isa = PBXGroup;
			children = (
				1094CF992DAEB322000233BF /* Utility */,
				10E014512DAD99C0002B6CEC /* DesignSystem */,
				10E0144D2DAD9754002B6CEC /* Dashboard */,
			);
			path = Packages;
			sourceTree = "<group>";
		};
		1094CF992DAEB322000233BF /* Utility */ = {
			isa = PBXGroup;
			children = (
				1094CF9A2DAEB37A000233BF /* Formatter */,
				1094CF9B2DAEB37A000233BF /* Logger */,
				1094CF9C2DAEB37A000233BF /* Validator */,
			);
			path = Utility;
			sourceTree = "<group>";
		};
		109CC8962DAC24420009F041 = {
			isa = PBXGroup;
			children = (
				109CC8A12DAC24420009F041 /* VibeUp */,
				102ED7E02DAC2BED00724940 /* Packages */,
				10E0144E2DAD9785002B6CEC /* Frameworks */,
				109CC8A02DAC24420009F041 /* Products */,
			);
			sourceTree = "<group>";
		};
		109CC8A02DAC24420009F041 /* Products */ = {
			isa = PBXGroup;
			children = (
				109CC89F2DAC24420009F041 /* VibeUp.app */,
			);
			name = Products;
			sourceTree = "<group>";
		};
		10E0144E2DAD9785002B6CEC /* Frameworks */ = {
			isa = PBXGroup;
			children = (
			);
			name = Frameworks;
			sourceTree = "<group>";
		};
/* End PBXGroup section */

/* Begin PBXNativeTarget section */
		109CC89E2DAC24420009F041 /* VibeUp */ = {
			isa = PBXNativeTarget;
			buildConfigurationList = 109CC8AE2DAC24430009F041 /* Build configuration list for PBXNativeTarget "VibeUp" */;
			buildPhases = (
				109CC89B2DAC24420009F041 /* Sources */,
				109CC89C2DAC24420009F041 /* Frameworks */,
				109CC89D2DAC24420009F041 /* Resources */,
			);
			buildRules = (
			);
			dependencies = (
			);
			fileSystemSynchronizedGroups = (
				109CC8A12DAC24420009F041 /* VibeUp */,
			);
			name = VibeUp;
			packageProductDependencies = (
				10E0144F2DAD9785002B6CEC /* Dashboard */,
				1094D02A2DAEF3BD000233BF /* DesignSystem */,
				103ABD3E2DB010B30073D19B /* FlowStacks */,
				103ABD412DB0111A0073D19B /* FirebaseAnalytics */,
				103ABD432DB0111A0073D19B /* FirebaseAuth */,
				103ABD452DB0111A0073D19B /* FirebaseCore */,
				103ABD472DB0111A0073D19B /* FirebaseCrashlytics */,
				103ABD492DB0111A0073D19B /* FirebaseFirestore */,
				103ABD4B2DB0111A0073D19B /* FirebaseRemoteConfig */,
				103ABD4D2DB0111A0073D19B /* FirebaseStorage */,
				103ABD562DB128B80073D19B /* FirebaseDatabase */,
				103ABD5B2DB1367D0073D19B /* DashboardTypes */,
			);
			productName = VibeUp;
			productReference = 109CC89F2DAC24420009F041 /* VibeUp.app */;
			productType = "com.apple.product-type.application";
		};
/* End PBXNativeTarget section */

/* Begin PBXProject section */
		109CC8972DAC24420009F041 /* Project object */ = {
			isa = PBXProject;
			attributes = {
				BuildIndependentTargetsInParallel = 1;
				LastSwiftUpdateCheck = 1600;
				LastUpgradeCheck = 1600;
				TargetAttributes = {
					109CC89E2DAC24420009F041 = {
						CreatedOnToolsVersion = 16.0;
					};
				};
			};
			buildConfigurationList = 109CC89A2DAC24420009F041 /* Build configuration list for PBXProject "VibeUp" */;
			developmentRegion = en;
			hasScannedForEncodings = 0;
			knownRegions = (
				en,
				Base,
			);
			mainGroup = 109CC8962DAC24420009F041;
			minimizedProjectReferenceProxies = 1;
			packageReferences = (
				103ABD3D2DB010B30073D19B /* XCRemoteSwiftPackageReference "FlowStacks" */,
				103ABD402DB0111A0073D19B /* XCRemoteSwiftPackageReference "firebase-ios-sdk" */,
			);
			preferredProjectObjectVersion = 77;
			productRefGroup = 109CC8A02DAC24420009F041 /* Products */;
			projectDirPath = "";
			projectRoot = "";
			targets = (
				109CC89E2DAC24420009F041 /* VibeUp */,
			);
		};
/* End PBXProject section */

/* Begin PBXResourcesBuildPhase section */
		109CC89D2DAC24420009F041 /* Resources */ = {
			isa = PBXResourcesBuildPhase;
			buildActionMask = 2147483647;
			files = (
			);
			runOnlyForDeploymentPostprocessing = 0;
		};
/* End PBXResourcesBuildPhase section */

/* Begin PBXSourcesBuildPhase section */
		109CC89B2DAC24420009F041 /* Sources */ = {
			isa = PBXSourcesBuildPhase;
			buildActionMask = 2147483647;
			files = (
			);
			runOnlyForDeploymentPostprocessing = 0;
		};
/* End PBXSourcesBuildPhase section */

/* Begin XCBuildConfiguration section */
		109CC8AC2DAC24430009F041 /* Debug */ = {
			isa = XCBuildConfiguration;
			buildSettings = {
				ALWAYS_SEARCH_USER_PATHS = NO;
				ASSETCATALOG_COMPILER_GENERATE_SWIFT_ASSET_SYMBOL_EXTENSIONS = YES;
				CLANG_ANALYZER_NONNULL = YES;
				CLANG_ANALYZER_NUMBER_OBJECT_CONVERSION = YES_AGGRESSIVE;
				CLANG_CXX_LANGUAGE_STANDARD = "gnu++20";
				CLANG_ENABLE_MODULES = YES;
				CLANG_ENABLE_OBJC_ARC = YES;
				CLANG_ENABLE_OBJC_WEAK = YES;
				CLANG_WARN_BLOCK_CAPTURE_AUTORELEASING = YES;
				CLANG_WARN_BOOL_CONVERSION = YES;
				CLANG_WARN_COMMA = YES;
				CLANG_WARN_CONSTANT_CONVERSION = YES;
				CLANG_WARN_DEPRECATED_OBJC_IMPLEMENTATIONS = YES;
				CLANG_WARN_DIRECT_OBJC_ISA_USAGE = YES_ERROR;
				CLANG_WARN_DOCUMENTATION_COMMENTS = YES;
				CLANG_WARN_EMPTY_BODY = YES;
				CLANG_WARN_ENUM_CONVERSION = YES;
				CLANG_WARN_INFINITE_RECURSION = YES;
				CLANG_WARN_INT_CONVERSION = YES;
				CLANG_WARN_NON_LITERAL_NULL_CONVERSION = YES;
				CLANG_WARN_OBJC_IMPLICIT_RETAIN_SELF = YES;
				CLANG_WARN_OBJC_LITERAL_CONVERSION = YES;
				CLANG_WARN_OBJC_ROOT_CLASS = YES_ERROR;
				CLANG_WARN_QUOTED_INCLUDE_IN_FRAMEWORK_HEADER = YES;
				CLANG_WARN_RANGE_LOOP_ANALYSIS = YES;
				CLANG_WARN_STRICT_PROTOTYPES = YES;
				CLANG_WARN_SUSPICIOUS_MOVE = YES;
				CLANG_WARN_UNGUARDED_AVAILABILITY = YES_AGGRESSIVE;
				CLANG_WARN_UNREACHABLE_CODE = YES;
				CLANG_WARN__DUPLICATE_METHOD_MATCH = YES;
				COPY_PHASE_STRIP = NO;
				DEBUG_INFORMATION_FORMAT = dwarf;
				ENABLE_STRICT_OBJC_MSGSEND = YES;
				ENABLE_TESTABILITY = YES;
				ENABLE_USER_SCRIPT_SANDBOXING = YES;
				GCC_C_LANGUAGE_STANDARD = gnu17;
				GCC_DYNAMIC_NO_PIC = NO;
				GCC_NO_COMMON_BLOCKS = YES;
				GCC_OPTIMIZATION_LEVEL = 0;
				GCC_PREPROCESSOR_DEFINITIONS = (
					"DEBUG=1",
					"$(inherited)",
				);
				GCC_WARN_64_TO_32_BIT_CONVERSION = YES;
				GCC_WARN_ABOUT_RETURN_TYPE = YES_ERROR;
				GCC_WARN_UNDECLARED_SELECTOR = YES;
				GCC_WARN_UNINITIALIZED_AUTOS = YES_AGGRESSIVE;
				GCC_WARN_UNUSED_FUNCTION = YES;
				GCC_WARN_UNUSED_VARIABLE = YES;
				LOCALIZATION_PREFERS_STRING_CATALOGS = YES;
				MTL_ENABLE_DEBUG_INFO = INCLUDE_SOURCE;
				MTL_FAST_MATH = YES;
				ONLY_ACTIVE_ARCH = YES;
				SWIFT_ACTIVE_COMPILATION_CONDITIONS = "DEBUG $(inherited)";
				SWIFT_OPTIMIZATION_LEVEL = "-Onone";
			};
			name = Debug;
		};
		109CC8AD2DAC24430009F041 /* Release */ = {
			isa = XCBuildConfiguration;
			buildSettings = {
				ALWAYS_SEARCH_USER_PATHS = NO;
				ASSETCATALOG_COMPILER_GENERATE_SWIFT_ASSET_SYMBOL_EXTENSIONS = YES;
				CLANG_ANALYZER_NONNULL = YES;
				CLANG_ANALYZER_NUMBER_OBJECT_CONVERSION = YES_AGGRESSIVE;
				CLANG_CXX_LANGUAGE_STANDARD = "gnu++20";
				CLANG_ENABLE_MODULES = YES;
				CLANG_ENABLE_OBJC_ARC = YES;
				CLANG_ENABLE_OBJC_WEAK = YES;
				CLANG_WARN_BLOCK_CAPTURE_AUTORELEASING = YES;
				CLANG_WARN_BOOL_CONVERSION = YES;
				CLANG_WARN_COMMA = YES;
				CLANG_WARN_CONSTANT_CONVERSION = YES;
				CLANG_WARN_DEPRECATED_OBJC_IMPLEMENTATIONS = YES;
				CLANG_WARN_DIRECT_OBJC_ISA_USAGE = YES_ERROR;
				CLANG_WARN_DOCUMENTATION_COMMENTS = YES;
				CLANG_WARN_EMPTY_BODY = YES;
				CLANG_WARN_ENUM_CONVERSION = YES;
				CLANG_WARN_INFINITE_RECURSION = YES;
				CLANG_WARN_INT_CONVERSION = YES;
				CLANG_WARN_NON_LITERAL_NULL_CONVERSION = YES;
				CLANG_WARN_OBJC_IMPLICIT_RETAIN_SELF = YES;
				CLANG_WARN_OBJC_LITERAL_CONVERSION = YES;
				CLANG_WARN_OBJC_ROOT_CLASS = YES_ERROR;
				CLANG_WARN_QUOTED_INCLUDE_IN_FRAMEWORK_HEADER = YES;
				CLANG_WARN_RANGE_LOOP_ANALYSIS = YES;
				CLANG_WARN_STRICT_PROTOTYPES = YES;
				CLANG_WARN_SUSPICIOUS_MOVE = YES;
				CLANG_WARN_UNGUARDED_AVAILABILITY = YES_AGGRESSIVE;
				CLANG_WARN_UNREACHABLE_CODE = YES;
				CLANG_WARN__DUPLICATE_METHOD_MATCH = YES;
				COPY_PHASE_STRIP = NO;
				DEBUG_INFORMATION_FORMAT = "dwarf-with-dsym";
				ENABLE_NS_ASSERTIONS = NO;
				ENABLE_STRICT_OBJC_MSGSEND = YES;
				ENABLE_USER_SCRIPT_SANDBOXING = YES;
				GCC_C_LANGUAGE_STANDARD = gnu17;
				GCC_NO_COMMON_BLOCKS = YES;
				GCC_WARN_64_TO_32_BIT_CONVERSION = YES;
				GCC_WARN_ABOUT_RETURN_TYPE = YES_ERROR;
				GCC_WARN_UNDECLARED_SELECTOR = YES;
				GCC_WARN_UNINITIALIZED_AUTOS = YES_AGGRESSIVE;
				GCC_WARN_UNUSED_FUNCTION = YES;
				GCC_WARN_UNUSED_VARIABLE = YES;
				LOCALIZATION_PREFERS_STRING_CATALOGS = YES;
				MTL_ENABLE_DEBUG_INFO = NO;
				MTL_FAST_MATH = YES;
				SWIFT_COMPILATION_MODE = wholemodule;
			};
			name = Release;
		};
		109CC8AF2DAC24430009F041 /* Debug */ = {
			isa = XCBuildConfiguration;
			buildSettings = {
				ASSETCATALOG_COMPILER_APPICON_NAME = AppIcon;
				ASSETCATALOG_COMPILER_GLOBAL_ACCENT_COLOR_NAME = AccentColor;
				CODE_SIGN_ENTITLEMENTS = VibeUp/VibeUp.entitlements;
				CODE_SIGN_STYLE = Automatic;
				CURRENT_PROJECT_VERSION = 1;
				DEVELOPMENT_ASSET_PATHS = "\"VibeUp/Preview Content\"";
				ENABLE_PREVIEWS = YES;
				GENERATE_INFOPLIST_FILE = YES;
				"INFOPLIST_KEY_UIApplicationSceneManifest_Generation[sdk=iphoneos*]" = YES;
				"INFOPLIST_KEY_UIApplicationSceneManifest_Generation[sdk=iphonesimulator*]" = YES;
				"INFOPLIST_KEY_UIApplicationSupportsIndirectInputEvents[sdk=iphoneos*]" = YES;
				"INFOPLIST_KEY_UIApplicationSupportsIndirectInputEvents[sdk=iphonesimulator*]" = YES;
				"INFOPLIST_KEY_UILaunchScreen_Generation[sdk=iphoneos*]" = YES;
				"INFOPLIST_KEY_UILaunchScreen_Generation[sdk=iphonesimulator*]" = YES;
				"INFOPLIST_KEY_UIStatusBarStyle[sdk=iphoneos*]" = UIStatusBarStyleDefault;
				"INFOPLIST_KEY_UIStatusBarStyle[sdk=iphonesimulator*]" = UIStatusBarStyleDefault;
				INFOPLIST_KEY_UISupportedInterfaceOrientations = UIInterfaceOrientationPortrait;
				INFOPLIST_KEY_UISupportedInterfaceOrientations_iPad = "UIInterfaceOrientationLandscapeLeft UIInterfaceOrientationLandscapeRight UIInterfaceOrientationPortrait UIInterfaceOrientationPortraitUpsideDown";
				IPHONEOS_DEPLOYMENT_TARGET = 16.0;
				LD_RUNPATH_SEARCH_PATHS = "@executable_path/Frameworks";
				"LD_RUNPATH_SEARCH_PATHS[sdk=macosx*]" = "@executable_path/../Frameworks";
				MACOSX_DEPLOYMENT_TARGET = 14.7;
				MARKETING_VERSION = 1.0;
				PRODUCT_BUNDLE_IDENTIFIER = "VibeUp-Technologies.VibeUp";
				PRODUCT_NAME = "$(TARGET_NAME)";
				SDKROOT = auto;
				SUPPORTED_PLATFORMS = "iphoneos iphonesimulator";
				SUPPORTS_MACCATALYST = NO;
				SWIFT_EMIT_LOC_STRINGS = YES;
				SWIFT_VERSION = 5.0;
				TARGETED_DEVICE_FAMILY = 1;
				XROS_DEPLOYMENT_TARGET = 2.0;
			};
			name = Debug;
		};
		109CC8B02DAC24430009F041 /* Release */ = {
			isa = XCBuildConfiguration;
			buildSettings = {
				ASSETCATALOG_COMPILER_APPICON_NAME = AppIcon;
				ASSETCATALOG_COMPILER_GLOBAL_ACCENT_COLOR_NAME = AccentColor;
				CODE_SIGN_ENTITLEMENTS = VibeUp/VibeUp.entitlements;
				CODE_SIGN_STYLE = Automatic;
				CURRENT_PROJECT_VERSION = 1;
				DEVELOPMENT_ASSET_PATHS = "\"VibeUp/Preview Content\"";
				ENABLE_PREVIEWS = YES;
				GENERATE_INFOPLIST_FILE = YES;
				"INFOPLIST_KEY_UIApplicationSceneManifest_Generation[sdk=iphoneos*]" = YES;
				"INFOPLIST_KEY_UIApplicationSceneManifest_Generation[sdk=iphonesimulator*]" = YES;
				"INFOPLIST_KEY_UIApplicationSupportsIndirectInputEvents[sdk=iphoneos*]" = YES;
				"INFOPLIST_KEY_UIApplicationSupportsIndirectInputEvents[sdk=iphonesimulator*]" = YES;
				"INFOPLIST_KEY_UILaunchScreen_Generation[sdk=iphoneos*]" = YES;
				"INFOPLIST_KEY_UILaunchScreen_Generation[sdk=iphonesimulator*]" = YES;
				"INFOPLIST_KEY_UIStatusBarStyle[sdk=iphoneos*]" = UIStatusBarStyleDefault;
				"INFOPLIST_KEY_UIStatusBarStyle[sdk=iphonesimulator*]" = UIStatusBarStyleDefault;
				INFOPLIST_KEY_UISupportedInterfaceOrientations = UIInterfaceOrientationPortrait;
				INFOPLIST_KEY_UISupportedInterfaceOrientations_iPad = "UIInterfaceOrientationLandscapeLeft UIInterfaceOrientationLandscapeRight UIInterfaceOrientationPortrait UIInterfaceOrientationPortraitUpsideDown";
				IPHONEOS_DEPLOYMENT_TARGET = 16.0;
				LD_RUNPATH_SEARCH_PATHS = "@executable_path/Frameworks";
				"LD_RUNPATH_SEARCH_PATHS[sdk=macosx*]" = "@executable_path/../Frameworks";
				MACOSX_DEPLOYMENT_TARGET = 14.7;
				MARKETING_VERSION = 1.0;
				PRODUCT_BUNDLE_IDENTIFIER = "VibeUp-Technologies.VibeUp";
				PRODUCT_NAME = "$(TARGET_NAME)";
				SDKROOT = auto;
				SUPPORTED_PLATFORMS = "iphoneos iphonesimulator";
				SUPPORTS_MACCATALYST = NO;
				SWIFT_EMIT_LOC_STRINGS = YES;
				SWIFT_VERSION = 5.0;
				TARGETED_DEVICE_FAMILY = 1;
				XROS_DEPLOYMENT_TARGET = 2.0;
			};
			name = Release;
		};
/* End XCBuildConfiguration section */

/* Begin XCConfigurationList section */
		109CC89A2DAC24420009F041 /* Build configuration list for PBXProject "VibeUp" */ = {
			isa = XCConfigurationList;
			buildConfigurations = (
				109CC8AC2DAC24430009F041 /* Debug */,
				109CC8AD2DAC24430009F041 /* Release */,
			);
			defaultConfigurationIsVisible = 0;
			defaultConfigurationName = Release;
		};
		109CC8AE2DAC24430009F041 /* Build configuration list for PBXNativeTarget "VibeUp" */ = {
			isa = XCConfigurationList;
			buildConfigurations = (
				109CC8AF2DAC24430009F041 /* Debug */,
				109CC8B02DAC24430009F041 /* Release */,
			);
			defaultConfigurationIsVisible = 0;
			defaultConfigurationName = Release;
		};
/* End XCConfigurationList section */

/* Begin XCRemoteSwiftPackageReference section */
		103ABD3D2DB010B30073D19B /* XCRemoteSwiftPackageReference "FlowStacks" */ = {
			isa = XCRemoteSwiftPackageReference;
			repositoryURL = "https://github.com/johnpatrickmorgan/FlowStacks.git";
			requirement = {
				kind = upToNextMajorVersion;
				minimumVersion = 0.8.3;
			};
		};
		103ABD402DB0111A0073D19B /* XCRemoteSwiftPackageReference "firebase-ios-sdk" */ = {
			isa = XCRemoteSwiftPackageReference;
			repositoryURL = "https://github.com/firebase/firebase-ios-sdk";
			requirement = {
				kind = upToNextMajorVersion;
				minimumVersion = 11.11.0;
			};
		};
/* End XCRemoteSwiftPackageReference section */

/* Begin XCSwiftPackageProductDependency section */
		103ABD3E2DB010B30073D19B /* FlowStacks */ = {
			isa = XCSwiftPackageProductDependency;
			package = 103ABD3D2DB010B30073D19B /* XCRemoteSwiftPackageReference "FlowStacks" */;
			productName = FlowStacks;
		};
		103ABD412DB0111A0073D19B /* FirebaseAnalytics */ = {
			isa = XCSwiftPackageProductDependency;
			package = 103ABD402DB0111A0073D19B /* XCRemoteSwiftPackageReference "firebase-ios-sdk" */;
			productName = FirebaseAnalytics;
		};
		103ABD432DB0111A0073D19B /* FirebaseAuth */ = {
			isa = XCSwiftPackageProductDependency;
			package = 103ABD402DB0111A0073D19B /* XCRemoteSwiftPackageReference "firebase-ios-sdk" */;
			productName = FirebaseAuth;
		};
		103ABD452DB0111A0073D19B /* FirebaseCore */ = {
			isa = XCSwiftPackageProductDependency;
			package = 103ABD402DB0111A0073D19B /* XCRemoteSwiftPackageReference "firebase-ios-sdk" */;
			productName = FirebaseCore;
		};
		103ABD472DB0111A0073D19B /* FirebaseCrashlytics */ = {
			isa = XCSwiftPackageProductDependency;
			package = 103ABD402DB0111A0073D19B /* XCRemoteSwiftPackageReference "firebase-ios-sdk" */;
			productName = FirebaseCrashlytics;
		};
		103ABD492DB0111A0073D19B /* FirebaseFirestore */ = {
			isa = XCSwiftPackageProductDependency;
			package = 103ABD402DB0111A0073D19B /* XCRemoteSwiftPackageReference "firebase-ios-sdk" */;
			productName = FirebaseFirestore;
		};
		103ABD4B2DB0111A0073D19B /* FirebaseRemoteConfig */ = {
			isa = XCSwiftPackageProductDependency;
			package = 103ABD402DB0111A0073D19B /* XCRemoteSwiftPackageReference "firebase-ios-sdk" */;
			productName = FirebaseRemoteConfig;
		};
		103ABD4D2DB0111A0073D19B /* FirebaseStorage */ = {
			isa = XCSwiftPackageProductDependency;
			package = 103ABD402DB0111A0073D19B /* XCRemoteSwiftPackageReference "firebase-ios-sdk" */;
			productName = FirebaseStorage;
		};
		103ABD562DB128B80073D19B /* FirebaseDatabase */ = {
			isa = XCSwiftPackageProductDependency;
			package = 103ABD402DB0111A0073D19B /* XCRemoteSwiftPackageReference "firebase-ios-sdk" */;
			productName = FirebaseDatabase;
		};
		103ABD5B2DB1367D0073D19B /* DashboardTypes */ = {
			isa = XCSwiftPackageProductDependency;
			productName = DashboardTypes;
		};
		1094D02A2DAEF3BD000233BF /* DesignSystem */ = {
			isa = XCSwiftPackageProductDependency;
			productName = DesignSystem;
		};
		10E0144F2DAD9785002B6CEC /* Dashboard */ = {
			isa = XCSwiftPackageProductDependency;
			productName = Dashboard;
		};
/* End XCSwiftPackageProductDependency section */
	};
	rootObject = 109CC8972DAC24420009F041 /* Project object */;
}
